# THIS IS AN AUTOGENERATED FILE. DO NOT EDIT THIS FILE DIRECTLY.
# yarn lockfile v1


"@types/es6-shim@^0.31.41":
  version "0.31.41"
  resolved "https://registry.yarnpkg.com/@types/es6-shim/-/es6-shim-0.31.41.tgz#6c0610500de36a4be69c734335a2997f6ff79e51"
  integrity sha512-m4ge4Wab1aGOZ0lllaquvI7+Qn4PcTHYIXeTJy/XIWIWFiPHa8UmrWNczsb1BscLrwF8PNr/My3QKurx+SIoDw==

"@types/lodash.clonedeep@4.5.3":
  version "4.5.3"
  resolved "https://registry.yarnpkg.com/@types/lodash.clonedeep/-/lodash.clonedeep-4.5.3.tgz#d42cfba3d929a4e1177a775142ce2a9444e384cf"
  integrity sha512-307uNXpe90TSLRCZM2ggGtdzKZ2h4v1tDMDsahYI4/CvWd1+VhAmRQ+WJyA+wLF6kLLUae9JhpdKyLAzRaW3Qw==
  dependencies:
    "@types/lodash" "*"

"@types/lodash.merge@4.6.3":
  version "4.6.3"
  resolved "https://registry.yarnpkg.com/@types/lodash.merge/-/lodash.merge-4.6.3.tgz#a41c49fe404c4bfb653ae6dda76abeedeace14ff"
  integrity sha512-bOCCutkbehfCeiSqJO5XcVKjsJvX28dgvjhs4aMmBAHAsOy2oOJQwHuIZ0elI1E94qQIdEsCvz8oLgUumd6teA==
  dependencies:
    "@types/lodash" "*"

"@types/lodash@*":
  version "4.14.164"
  resolved "https://registry.yarnpkg.com/@types/lodash/-/lodash-4.14.164.tgz#52348bcf909ac7b4c1bcbeda5c23135176e5dfa0"
  integrity sha512-fXCEmONnrtbYUc5014avwBeMdhHHO8YJCkOBflUL9EoJBSKZ1dei+VO74fA7JkTHZ1GvZack2TyIw5U+1lT8jg==

"@types/node@8.0.7":
  version "8.0.7"
  resolved "https://registry.yarnpkg.com/@types/node/-/node-8.0.7.tgz#fb0ad04b5b6f6eabe0372a32a8f1fbba5c130cae"
  integrity sha512-fuCPLPe4yY0nv6Z1rTLFCEC452jl0k7i3gF/c8hdEKpYtEpt6Sk67hTGbxx8C0wmifFGPvKYd/O8CvS6dpgxMQ==

"@types/xml-parser@^1.2.29":
  version "1.2.29"
  resolved "https://registry.yarnpkg.com/@types/xml-parser/-/xml-parser-1.2.29.tgz#6ba14c2916e52baa4fd8b7cb93b10a7ca55ff9f7"
  integrity sha512-l5ID65aPDctN/dZYkDgLOEBuoHrD8S9TyfD5soORUtVHKyOs7Wr66iNxAtcmT/tER1GeYqp51jR6l08gmsRcZg==

ansi-styles@^3.2.1:
  version "3.2.1"
  resolved "https://registry.yarnpkg.com/ansi-styles/-/ansi-styles-3.2.1.tgz#41fbb20243e50b12be0f04b8dedbf07520ce841d"
  integrity sha512-VT0ZI6kZRdTh8YyJw3SMbYm/u+NqfsAxEpWO0Pf9sq8/e94WxxOpPKx9FR1FlyCtOVDNOQ+8ntlqFxiRc+r5qA==
  dependencies:
    color-convert "^1.9.0"

arg@^4.1.0:
  version "4.1.3"
  resolved "https://registry.yarnpkg.com/arg/-/arg-4.1.3.tgz#269fc7ad5b8e42cb63c896d5666017261c144089"
  integrity sha512-58S9QDqG0Xx27YwPSt9fJxivjYl432YCwfDMfZ+71RAqUrZef7LrKQZ3LHLOwCS4FLNBplP533Zx895SeOCHvA==

big.js@^5.2.2:
  version "5.2.2"
  resolved "https://registry.yarnpkg.com/big.js/-/big.js-5.2.2.tgz#65f0af382f578bcdc742bd9c281e9cb2d7768328"
  integrity sha512-vyL2OymJxmarO8gxMr0mhChsO9QGwhynfuu4+MHTAW6czfq9humCB7rKpUjDd9YUiDPU4mzpyupFSvOClAwbmQ==

buffer-from@^1.0.0:
  version "1.1.1"
  resolved "https://registry.yarnpkg.com/buffer-from/-/buffer-from-1.1.1.tgz#32713bc028f75c02fdb710d7c7bcec1f2c6070ef"
  integrity sha512-MQcXEUbCKtEo7bhqEs6560Hyd4XaovZlO/k9V3hjVUF/zwW7KBVdSK4gIt/bzwS9MbR5qob+F5jusZsb0YQK2A==

chalk@^2.0.1:
  version "2.4.2"
  resolved "https://registry.yarnpkg.com/chalk/-/chalk-2.4.2.tgz#cd42541677a54333cf541a49108c1432b44c9424"
  integrity sha512-Mti+f9lpJNcwF4tWV8/OrTTtF1gZi+f8FqlyAdouralcFWFQWF2+NgCHShjkCb+IFBLq9buZwE1xckQU4peSuQ==
  dependencies:
    ansi-styles "^3.2.1"
    escape-string-regexp "^1.0.5"
    supports-color "^5.3.0"

code-block-writer@^4.0.0:
  version "4.2.1"
  resolved "https://registry.yarnpkg.com/code-block-writer/-/code-block-writer-4.2.1.tgz#c93075dc05c58520714fd909497189a60ff15e9f"
  integrity sha1-yTB13AXFhSBxT9kJSXGJpg/xXp8=

color-convert@^1.9.0:
  version "1.9.3"
  resolved "https://registry.yarnpkg.com/color-convert/-/color-convert-1.9.3.tgz#bb71850690e1f136567de629d2d5471deda4c1e8"
  integrity sha512-QfAUtd+vFdAtFQcC8CCyYt1fYWxSqAiK2cSD6zDB8N3cpsEBAvRxp9zOGg6G/SHHJYAT88/az/IuDGALsNVbGg==
  dependencies:
    color-name "1.1.3"

color-name@1.1.3:
  version "1.1.3"
  resolved "https://registry.yarnpkg.com/color-name/-/color-name-1.1.3.tgz#a7d0558bd89c42f795dd42328f740831ca53bc25"
  integrity sha1-p9BVi9icQveV3UIyj3QIMcpTvCU=

colors@^1.0.3:
  version "1.4.0"
  resolved "https://registry.yarnpkg.com/colors/-/colors-1.4.0.tgz#c50491479d4c1bdaed2c9ced32cf7c7dc2360f78"
  integrity sha512-a+UqTh4kgZg/SlGvfbzDHpgRu7AAQOmmqRHJnxhRZICKFUT91brVhNNt58CMWU9PsBbv3PDCZUHbVxuDiH2mtA==

core-util-is@~1.0.0:
  version "1.0.2"
  resolved "https://registry.yarnpkg.com/core-util-is/-/core-util-is-1.0.2.tgz#b5fd54220aa2bc5ab57aab7140c940754503c1a7"
  integrity sha1-tf1UIgqivFq1eqtxQMlAdUUDwac=

diff@^4.0.1:
  version "4.0.2"
  resolved "https://registry.yarnpkg.com/diff/-/diff-4.0.2.tgz#60f3aecb89d5fae520c11aa19efc2bb982aade7d"
  integrity sha512-58lmxKSA4BNyLz+HHMUzlOEpg09FV+ev6ZMe3vJihgdxzgcwZ8VoEEPmALCZG9LmqfVoNMMKpttIYTVG6uDY7A==

emojis-list@^3.0.0:
  version "3.0.0"
  resolved "https://registry.yarnpkg.com/emojis-list/-/emojis-list-3.0.0.tgz#5570662046ad29e2e916e71aae260abdff4f6a78"
  integrity sha512-/kyM18EfinwXZbno9FyUGeFh87KC8HRQBQGildHZbEuRyWFOmv1U10o9BBp8XVZDVNNuQKyIGIu5ZYAAXJ0V2Q==

enhanced-resolve@^3.0.0:
  version "3.4.1"
  resolved "https://registry.yarnpkg.com/enhanced-resolve/-/enhanced-resolve-3.4.1.tgz#0421e339fd71419b3da13d129b3979040230476e"
  integrity sha1-BCHjOf1xQZs9oT0Smzl5BAIwR24=
  dependencies:
    graceful-fs "^4.1.2"
    memory-fs "^0.4.0"
    object-assign "^4.0.1"
    tapable "^0.2.7"

errno@^0.1.3:
  version "0.1.7"
  resolved "https://registry.yarnpkg.com/errno/-/errno-0.1.7.tgz#4684d71779ad39af177e3f007996f7c67c852618"
  integrity sha512-MfrRBDWzIWifgq6tJj60gkAwtLNb6sQPlcFrSOflcP1aFmmruKQ2wRnze/8V6kgyz7H3FF8Npzv78mZ7XLLflg==
  dependencies:
    prr "~1.0.1"

escape-string-regexp@^1.0.5:
  version "1.0.5"
  resolved "https://registry.yarnpkg.com/escape-string-regexp/-/escape-string-regexp-1.0.5.tgz#1b61c0562190a8dff6ae3bb2cf0200ca130b86d4"
  integrity sha1-G2HAViGQqN/2rjuyzwIAyhMLhtQ=

file-loader@0.11.2:
  version "0.11.2"
  resolved "https://registry.yarnpkg.com/file-loader/-/file-loader-0.11.2.tgz#4ff1df28af38719a6098093b88c82c71d1794a34"
  integrity sha512-N+uhF3mswIFeziHQjGScJ/yHXYt3DiLBeC+9vWW+WjUBiClMSOlV1YrXQi+7KM2aA3Rn4Bybgv+uXFQbfkzpvg==
  dependencies:
    loader-utils "^1.0.2"

fs-extra@3.0.1:
  version "3.0.1"
  resolved "https://registry.yarnpkg.com/fs-extra/-/fs-extra-3.0.1.tgz#3794f378c58b342ea7dbbb23095109c4b3b62291"
  integrity sha1-N5TzeMWLNC6n27sjCVEJxLO2IpE=
  dependencies:
    graceful-fs "^4.1.2"
    jsonfile "^3.0.0"
    universalify "^0.1.0"

graceful-fs@^4.1.2, graceful-fs@^4.1.6:
  version "4.2.4"
  resolved "https://registry.yarnpkg.com/graceful-fs/-/graceful-fs-4.2.4.tgz#2256bde14d3632958c465ebc96dc467ca07a29fb"
  integrity sha512-WjKPNJF79dtJAVniUlGGWHYGz2jWxT6VhN/4m1NdkbZ2nOsEF+cI1Edgql5zCRhs/VsQYRvrXctxktVXZUkixw==

has-flag@^3.0.0:
  version "3.0.0"
  resolved "https://registry.yarnpkg.com/has-flag/-/has-flag-3.0.0.tgz#b5d454dc2199ae225699f3467e5a07f3b955bafd"
  integrity sha1-tdRU3CGZriJWmfNGfloH87lVuv0=

inherits@~2.0.3:
  version "2.0.4"
  resolved "https://registry.yarnpkg.com/inherits/-/inherits-2.0.4.tgz#0fa2c64f932917c3433a0ded55363aae37416b7c"
  integrity sha512-k/vGaX4/Yla3WzyMCvTQOXYeIHvqOKtnqBduzTHpzpQZzAskKMhZ2K+EnBiSM9zGSoIFeMpXKxa4dYeZIQqewQ==

isarray@~1.0.0:
  version "1.0.0"
  resolved "https://registry.yarnpkg.com/isarray/-/isarray-1.0.0.tgz#bb935d48582cba168c06834957a54a3e07124f11"
  integrity sha1-u5NdSFgsuhaMBoNJV6VKPgcSTxE=

json5@^1.0.1:
  version "1.0.1"
  resolved "https://registry.yarnpkg.com/json5/-/json5-1.0.1.tgz#779fb0018604fa854eacbf6252180d83543e3dbe"
  integrity sha512-aKS4WQjPenRxiQsC93MNfjx+nbF4PAdYzmd/1JIj8HYzqfbu86beTuNgXDzPknWk0n0uARlyewZo4s++ES36Ow==
  dependencies:
    minimist "^1.2.0"

jsonfile@^3.0.0:
  version "3.0.1"
  resolved "https://registry.yarnpkg.com/jsonfile/-/jsonfile-3.0.1.tgz#a5ecc6f65f53f662c4415c7675a0331d0992ec66"
  integrity sha1-pezG9l9T9mLEQVx2daAzHQmS7GY=
  optionalDependencies:
    graceful-fs "^4.1.6"

loader-utils@^1.0.2:
  version "1.4.0"
  resolved "https://registry.yarnpkg.com/loader-utils/-/loader-utils-1.4.0.tgz#c579b5e34cb34b1a74edc6c1fb36bfa371d5a613"
  integrity sha512-qH0WSMBtn/oHuwjy/NucEgbx5dbxxnxup9s4PVXJUDHZBQY+s0NWA9rJf53RBnQZxfch7euUui7hpoAPvALZdA==
  dependencies:
    big.js "^5.2.2"
    emojis-list "^3.0.0"
    json5 "^1.0.1"

make-error@^1.1.1:
  version "1.3.6"
  resolved "https://registry.yarnpkg.com/make-error/-/make-error-1.3.6.tgz#2eb2e37ea9b67c4891f684a1394799af484cf7a2"
  integrity sha512-s8UhlNe7vPKomQhC1qFelMokr/Sc3AgNbso3n74mVPA5LTZwkB9NlXf4XPamLxJE8h0gh73rM94xvwRT2CVInw==

memory-fs@^0.4.0:
  version "0.4.1"
  resolved "https://registry.yarnpkg.com/memory-fs/-/memory-fs-0.4.1.tgz#3a9a20b8462523e447cfbc7e8bb80ed667bfc552"
  integrity sha1-OpoguEYlI+RHz7x+i7gO1me/xVI=
  dependencies:
    errno "^0.1.3"
    readable-stream "^2.0.1"

minimist@^1.2.0:
  version "1.2.5"
  resolved "https://registry.yarnpkg.com/minimist/-/minimist-1.2.5.tgz#67d66014b66a6a8aaa0c083c5fd58df4e4e97602"
  integrity sha512-FM9nNUYrRBAELZQT3xeZQ7fmMOBg6nWNmJKTcgsJeaLstP/UODVpGsr5OhXhhXg6f+qtJ8uiZ+PUxkDWcgIXLw==

npm-test@0.0.1:
  version "0.0.1"
  resolved "https://registry.yarnpkg.com/npm-test/-/npm-test-0.0.1.tgz#bbacd814b5bcb1f5729c4c22676144db617929e0"
  integrity sha1-u6zYFLW8sfVynEwiZ2FE22F5KeA=

object-assign@^4.0.1:
  version "4.1.1"
  resolved "https://registry.yarnpkg.com/object-assign/-/object-assign-4.1.1.tgz#2109adc7965887cfc05cbbd442cac8bfbb360863"
  integrity sha1-IQmtx5ZYh8/AXLvUQsrIv7s2CGM=

process-nextick-args@~2.0.0:
  version "2.0.1"
  resolved "https://registry.yarnpkg.com/process-nextick-args/-/process-nextick-args-2.0.1.tgz#7820d9b16120cc55ca9ae7792680ae7dba6d7fe2"
  integrity sha512-3ouUOpQhtgrbOa17J7+uxOTpITYWaGP7/AhoR3+A+/1e9skrzelGi/dXzEYyvbxubEF6Wn2ypscTKiKJFFn1ag==

prr@~1.0.1:
  version "1.0.1"
  resolved "https://registry.yarnpkg.com/prr/-/prr-1.0.1.tgz#d3fc114ba06995a45ec6893f484ceb1d78f5f476"
  integrity sha1-0/wRS6BplaRexok/SEzrHXj19HY=

readable-stream@^2.0.1:
  version "2.3.7"
  resolved "https://registry.yarnpkg.com/readable-stream/-/readable-stream-2.3.7.tgz#1eca1cf711aef814c04f62252a36a62f6cb23b57"
  integrity sha512-Ebho8K4jIbHAxnuxi7o42OrZgF/ZTNcsZj6nRKyUmkhLFq8CHItp/fy6hQZuZmP/n3yZ9VBUbp4zz/mX8hmYPw==
  dependencies:
    core-util-is "~1.0.0"
    inherits "~2.0.3"
    isarray "~1.0.0"
    process-nextick-args "~2.0.0"
    safe-buffer "~5.1.1"
    string_decoder "~1.1.1"
    util-deprecate "~1.0.1"

safe-buffer@~5.1.0, safe-buffer@~5.1.1:
  version "5.1.2"
  resolved "https://registry.yarnpkg.com/safe-buffer/-/safe-buffer-5.1.2.tgz#991ec69d296e0313747d59bdfd2b745c35f8828d"
  integrity sha512-Gd2UZBJDkXlY7GbJxfsE8/nvKkUEU1G38c1siN6QP6a9PT9MmHB8GnpscSmMJSoF8LOIrt8ud/wPtojys4G6+g==

semver@^5.0.1:
  version "5.7.1"
  resolved "https://registry.yarnpkg.com/semver/-/semver-5.7.1.tgz#a954f931aeba508d307bbf069eff0c01c96116f7"
  integrity sha512-sauaDf/PZdVgrLTNYHRtpXa1iRiKcaebiKQ1BJdpQlWH2lCvexQdX55snPFyK7QzpudqbCI0qXFfOasHdyNDGQ==

source-map-support@^0.5.17:
  version "0.5.19"
  resolved "https://registry.yarnpkg.com/source-map-support/-/source-map-support-0.5.19.tgz#a98b62f86dcaf4f67399648c085291ab9e8fed61"
  integrity sha512-Wonm7zOCIJzBGQdB+thsPar0kYuCIzYvxZwlBa87yi/Mdjv7Tip2cyVbLj5o0cFPN4EVkuTwb3GDDyUx2DGnGw==
  dependencies:
    buffer-from "^1.0.0"
    source-map "^0.6.0"

source-map@^0.6.0:
  version "0.6.1"
  resolved "https://registry.yarnpkg.com/source-map/-/source-map-0.6.1.tgz#74722af32e9614e9c287a8d0bbde48b5e2f1a263"
  integrity sha512-UjgapumWlbMhkBgzT7Ykc5YXUT46F0iKu8SGXq0bcwP5dz/h0Plj6enJqjz1Zbq2l5WaqYnrVbwWOWMyF3F47g==

string_decoder@~1.1.1:
  version "1.1.1"
  resolved "https://registry.yarnpkg.com/string_decoder/-/string_decoder-1.1.1.tgz#9cf1611ba62685d7030ae9e4ba34149c3af03fc8"
  integrity sha512-n/ShnvDi6FHbbVfviro+WojiFzv+s8MPMHBczVePfUpDJLwoLT0ht1l4YwBCbi8pJAveEEdnkHyPyTP/mzRfwg==
  dependencies:
    safe-buffer "~5.1.0"

supports-color@^5.3.0:
  version "5.5.0"
  resolved "https://registry.yarnpkg.com/supports-color/-/supports-color-5.5.0.tgz#e2e69a44ac8772f78a1ec0b35b689df6530efc8f"
  integrity sha512-QjVjwdXIt408MIiAqCX4oUKsgU2EqAGzs2Ppkm4aQYbjm+ZEWEcW4SfFNTr4uMNZma0ey4f5lgLrkB0aX0QMow==
  dependencies:
    has-flag "^3.0.0"

tapable@^0.2.7:
  version "0.2.9"
  resolved "https://registry.yarnpkg.com/tapable/-/tapable-0.2.9.tgz#af2d8bbc9b04f74ee17af2b4d9048f807acd18a8"
  integrity sha512-2wsvQ+4GwBvLPLWsNfLCDYGsW6xb7aeC6utq2Qh0PFwgEy7K7dsma9Jsmb2zSQj7GvYAyUGSntLtsv++GmgL1A==

ts-code-generator@0.0.3:
  version "0.0.3"
  resolved "https://registry.yarnpkg.com/ts-code-generator/-/ts-code-generator-0.0.3.tgz#d68f7f320ca5296f67f0bcb8825b7f534be33e1c"
  integrity sha1-1o9/MgylKW9n8Ly4glt/U0vjPhw=
  dependencies:
    code-block-writer "^4.0.0"

ts-loader@2.2.2:
  version "2.2.2"
  resolved "https://registry.yarnpkg.com/ts-loader/-/ts-loader-2.2.2.tgz#6ea98ebe384ee9ba4c891fea6de6d4e7d8134730"
  integrity sha512-HiusedxruMeHN1/BzpijS/rXSdup2P/IopamX235tLS3OuPU+eSXNyN3YgbHKzYEe71YkUhnm7X+VY4oOAGLtg==
  dependencies:
    colors "^1.0.3"
    enhanced-resolve "^3.0.0"
    loader-utils "^1.0.2"
    semver "^5.0.1"

ts-loader@^2.2.2:
  version "2.3.7"
  resolved "https://registry.yarnpkg.com/ts-loader/-/ts-loader-2.3.7.tgz#a9028ced473bee12f28a75f9c5b139979d33f2fc"
  integrity sha512-8t3bu2FcEkXb+D4L+Cn8qiK2E2C6Ms4/GQChvz6IMbVurcFHLXrhW4EMtfaol1a1ASQACZGDUGit4NHnX9g7hQ==
  dependencies:
    chalk "^2.0.1"
    enhanced-resolve "^3.0.0"
    loader-utils "^1.0.2"
    semver "^5.0.1"

ts-node@^8.6.2:
  version "8.10.2"
  resolved "https://registry.yarnpkg.com/ts-node/-/ts-node-8.10.2.tgz#eee03764633b1234ddd37f8db9ec10b75ec7fb8d"
  integrity sha512-ISJJGgkIpDdBhWVu3jufsWpK3Rzo7bdiIXJjQc0ynKxVOVcg2oIrf2H2cejminGrptVc6q6/uynAHNCuWGbpVA==
  dependencies:
    arg "^4.1.0"
    diff "^4.0.1"
    make-error "^1.1.1"
    source-map-support "^0.5.17"
    yn "3.1.1"

typescript@^3.7.5:
  version "3.9.7"
  resolved "https://registry.yarnpkg.com/typescript/-/typescript-3.9.7.tgz#98d600a5ebdc38f40cb277522f12dc800e9e25fa"
  integrity sha512-BLbiRkiBzAwsjut4x/dsibSTB6yWpwT5qWmC2OfuCg3GgVQCSgMs4vEctYPhsaGtd0AeuuHMkjZ2h2WG8MSzRw==

universalify@^0.1.0:
  version "0.1.2"
  resolved "https://registry.yarnpkg.com/universalify/-/universalify-0.1.2.tgz#b646f69be3942dabcecc9d6639c80dc105efaa66"
  integrity sha512-rBJeI5CXAlmy1pV+617WB9J63U6XcazHHF2f2dbJix4XzpUF0RS3Zbj0FGIOCAva5P/d/GBOYaACQ1w+0azUkg==

util-deprecate@~1.0.1:
  version "1.0.2"
  resolved "https://registry.yarnpkg.com/util-deprecate/-/util-deprecate-1.0.2.tgz#450d4dc9fa70de732762fbd2d4a28981419a0ccf"
  integrity sha1-RQ1Nyfpw3nMnYvvS1KKJgUGaDM8=

xmldom-reborn@^1.0.5:
  version "1.0.5"
  resolved "https://registry.yarnpkg.com/xmldom-reborn/-/xmldom-reborn-1.0.5.tgz#87dfff687f6c6c0640e81c62a025ff8d11212195"
  integrity sha512-jaLGNceb9ELo7lkQwBGUg9HqVgidqUMcG3d4gFHq+uKZSCnWH2zo+vdMzJoQtzNKzgX7yD+Ibp4mKEy1oZiBNg==

xsd2ts@^0.3.6:
  version "0.3.6"
  resolved "https://registry.yarnpkg.com/xsd2ts/-/xsd2ts-0.3.6.tgz#c4bd100c8fd87e1704914c2496d7fd069456ff88"
  integrity sha512-Mu5Xha+fyaYrZK4QLgNq6JSg3UVxB2qVDp5MUzGV7QUAZGb2hxoeuG2i7BeFj5PLAe0QrzEk3qssBuyE7c+Dag==
  dependencies:
    "@types/lodash.clonedeep" "4.5.3"
    "@types/lodash.merge" "4.6.3"
    "@types/node" "8.0.7"
    "@types/xml-parser" "^1.2.29"
    file-loader "0.11.2"
    fs-extra "3.0.1"
    npm-test "0.0.1"
    ts-code-generator "0.0.3"
    ts-loader "2.2.2"
    ts-node "^8.6.2"
    typescript "^3.7.5"
    xmldom-reborn "^1.0.5"

yn@3.1.1:
  version "3.1.1"
  resolved "https://registry.yarnpkg.com/yn/-/yn-3.1.1.tgz#1e87401a09d767c1d5eab26a6e4c185182d2eb50"
  integrity sha512-Ux4ygGWsu2c7isFWe8Yu1YluJmqVhxqK2cLXNQA5AcC3QfbGNpM7fu0Y8b/z16pXLnFxZYvWhd3fhBY9DLmC6Q==
